
Microsoft Visual Studio Solution File, Format Version 12.00
# Visual Studio 15
VisualStudioVersion = 15.0.27703.2035
MinimumVisualStudioVersion = 10.0.40219.1
Project("{888888A0-9F3D-457C-B088-3A5042F75D52}") = "xeHentai", "xeHentai.pyproj", "{0C704405-8375-46F3-97A7-AA3236CCE9FE}"
EndProject
Global
	GlobalSection(SolutionConfigurationPlatforms) = preSolution
		Debug|Any CPU = Debug|Any CPU
		Release|Any CPU = Release|Any CPU
	EndGlobalSection
	GlobalSection(ProjectConfigurationPlatforms) = postSolution
		{0C704405-8375-46F3-97A7-AA3236CCE9FE}.Debug|Any CPU.ActiveCfg = Debug|Any CPU
		{0C704405-8375-46F3-97A7-AA3236CCE9FE}.Release|Any CPU.ActiveCfg = Release|Any CPU
	EndGlobalSection
	GlobalSection(SolutionProperties) = preSolution
		HideSolutionNode = FALSE
	EndGlobalSection
	GlobalSection(ExtensibilityGlobals) = postSolution
		SolutionGuid = {B00022ED-68B7-47C9-90B2-C2B98EA38DB1}
	EndGlobalSection
EndGlobal
